
Microsoft Visual Studio Solution File, Format Version 12.00
# Visual Studio Version 16
VisualStudioVersion = 16.0.31112.23
MinimumVisualStudioVersion = 10.0.40219.1
Project("{FAE04EC0-301F-11D3-BF4B-00C04F79EFBC}") = "test", "test\test.csproj", "{1CB78B7C-22EE-406E-A2AB-69CFE8144A67}"
EndProject
Global
	GlobalSection(SolutionConfigurationPlatforms) = preSolution
		Debug|Any CPU = Debug|Any CPU
		Release|Any CPU = Release|Any CPU
	EndGlobalSection
	GlobalSection(ProjectConfigurationPlatforms) = postSolution
		{1CB78B7C-22EE-406E-A2AB-69CFE8144A67}.Debug|Any CPU.ActiveCfg = Debug|Any CPU
		{1CB78B7C-22EE-406E-A2AB-69CFE8144A67}.Debug|Any CPU.Build.0 = Debug|Any CPU
		{1CB78B7C-22EE-406E-A2AB-69CFE8144A67}.Release|Any CPU.ActiveCfg = Release|Any CPU
		{1CB78B7C-22EE-406E-A2AB-69CFE8144A67}.Release|Any CPU.Build.0 = Release|Any CPU
	EndGlobalSection
	GlobalSection(SolutionProperties) = preSolution
		HideSolutionNode = FALSE
	EndGlobalSection
	GlobalSection(ExtensibilityGlobals) = postSolution
		SolutionGuid = {06DD32FC-DC80-41E4-8615-1DBD385647B9}
	EndGlobalSection
EndGlobal
